
Microsoft Visual Studio Solution File, Format Version 12.00
# Visual Studio Version 17
VisualStudioVersion = 17.13.35931.197 d17.13
MinimumVisualStudioVersion = 10.0.40219.1
Project("{FAE04EC0-301F-11D3-BF4B-00C04F79EFBC}") = "PC1_FasabiRiveraFabrissio", "PC1_FasabiRiveraFabrissio\PC1_FasabiRiveraFabrissio.csproj", "{C5B86D41-0D62-4354-BCB1-D7E67B4A438B}"
EndProject
Global
	GlobalSection(SolutionConfigurationPlatforms) = preSolution
		Debug|Any CPU = Debug|Any CPU
		Release|Any CPU = Release|Any CPU
	EndGlobalSection
	GlobalSection(ProjectConfigurationPlatforms) = postSolution
		{C5B86D41-0D62-4354-BCB1-D7E67B4A438B}.Debug|Any CPU.ActiveCfg = Debug|Any CPU
		{C5B86D41-0D62-4354-BCB1-D7E67B4A438B}.Debug|Any CPU.Build.0 = Debug|Any CPU
		{C5B86D41-0D62-4354-BCB1-D7E67B4A438B}.Release|Any CPU.ActiveCfg = Release|Any CPU
		{C5B86D41-0D62-4354-BCB1-D7E67B4A438B}.Release|Any CPU.Build.0 = Release|Any CPU
	EndGlobalSection
	GlobalSection(SolutionProperties) = preSolution
		HideSolutionNode = FALSE
	EndGlobalSection
	GlobalSection(ExtensibilityGlobals) = postSolution
		SolutionGuid = {B35BCD82-458D-4723-B69F-0DF858E420C3}
	EndGlobalSection
EndGlobal
